PODS:
  - razorpay-customui-pod (2.0.10)

DEPENDENCIES:
  - razorpay-customui-pod (from `../`)

EXTERNAL SOURCES:
  razorpay-customui-pod:
    :path: "../"

SPEC CHECKSUMS:
  razorpay-customui-pod: f3cb691e8120bbfd72ff0b9b1569c737d1e618c1

PODFILE CHECKSUM: 4604fcfab1e097d33685417648d256fc51b90457

COCOAPODS: 1.11.3
